
Microsoft Visual Studio Solution File, Format Version 12.00
# Visual Studio Version 17
VisualStudioVersion = 17.8.34511.84
MinimumVisualStudioVersion = 10.0.40219.1
Project("{FAE04EC0-301F-11D3-BF4B-00C04F79EFBC}") = "Feb1Assessment", "Feb1Assessment\Feb1Assessment.csproj", "{8EE79532-8448-40A2-BF06-124AEC06C759}"
EndProject
Global
	GlobalSection(SolutionConfigurationPlatforms) = preSolution
		Debug|Any CPU = Debug|Any CPU
		Release|Any CPU = Release|Any CPU
	EndGlobalSection
	GlobalSection(ProjectConfigurationPlatforms) = postSolution
		{8EE79532-8448-40A2-BF06-124AEC06C759}.Debug|Any CPU.ActiveCfg = Debug|Any CPU
		{8EE79532-8448-40A2-BF06-124AEC06C759}.Debug|Any CPU.Build.0 = Debug|Any CPU
		{8EE79532-8448-40A2-BF06-124AEC06C759}.Release|Any CPU.ActiveCfg = Release|Any CPU
		{8EE79532-8448-40A2-BF06-124AEC06C759}.Release|Any CPU.Build.0 = Release|Any CPU
	EndGlobalSection
	GlobalSection(SolutionProperties) = preSolution
		HideSolutionNode = FALSE
	EndGlobalSection
	GlobalSection(ExtensibilityGlobals) = postSolution
		SolutionGuid = {E3A53FDB-2BD3-4666-B4F2-A0CB4985D041}
	EndGlobalSection
EndGlobal
